<Solution>
  <Project Path="EmployeeDirectory.Admin/EmployeeDirectory.Admin.csproj" Id="77da9916-6987-4963-b7b1-d122f846a935" />
  <Project Path="EmployeeDirectory.API/EmployeeDirectory.API.csproj" />
  <Project Path="EmployeeDirectory.AppHost/EmployeeDirectory.AppHost.csproj" />
  <Project Path="EmployeeDirectory.Core/EmployeeDirectory.Core.csproj" Id="b793f2c8-7830-4d70-8361-7594764b5d30" />
  <Project Path="EmployeeDirectory.ServiceDefaults/EmployeeDirectory.ServiceDefaults.csproj" />
  <Project Path="EmployeeDirectory.UI/EmployeeDirectory.UI.csproj" />
</Solution>
